{
  "name": "jersey",
  "version": "0.0.0",
  "lockfileVersion": 2,
  "requires": true,
  "packages": {
    "": {
      "name": "jersey",
      "version": "0.0.0",
      "dependencies": {
        "@babylonjs/core": "^7.15.1",
        "@babylonjs/gui": "^7.15.1",
        "@babylonjs/inspector": "^7.15.1",
        "@babylonjs/loaders": "^7.15.1",
        "vue": "^3.4.31"
      },
      "devDependencies": {
        "@vitejs/plugin-vue": "^5.0.5",
        "vite": "^5.3.4"
      }
    },
    "node_modules/@babel/parser": {
      "version": "7.24.8",
      "resolved": "https://registry.npmmirror.com/@babel/parser/-/parser-7.24.8.tgz",
      "integrity": "sha512-WzfbgXOkGzZiXXCqk43kKwZjzwx4oulxZi3nq2TYL9mOjQv6kYwul9mz6ID36njuL7Xkp6nJEfok848Zj10j/w==",
      "bin": {
        "parser": "bin/babel-parser.js"
      },
      "engines": {
        "node": ">=6.0.0"
      }
    },
    "node_modules/@babylonjs/core": {
      "version": "7.15.1",
      "resolved": "https://registry.npmmirror.com/@babylonjs/core/-/core-7.15.1.tgz",
      "integrity": "sha512-YL/ecq7WnjFJY60xtCocweDeZLz85OE+yX6draSoAnNyY2tPGoLoZW9Tpai8kjocWsr6O2Qa5fSzEnpWBZZElQ=="
    },
    "node_modules/@babylonjs/gui": {
      "version": "7.15.1",
      "resolved": "https://registry.npmmirror.com/@babylonjs/gui/-/gui-7.15.1.tgz",
      "integrity": "sha512-huB5AW6SflbA4zV8Fa19kqehHlOsssRdndmKr4URDsPLVFQ1bCcxqSmFz9qD23T0e7w2xz7PQnoPqhKnkCtHrQ==",
      "peerDependencies": {
        "@babylonjs/core": "^7.0.0"
      }
    },
    "node_modules/@babylonjs/gui-editor": {
      "version": "7.15.1",
      "resolved": "https://registry.npmmirror.com/@babylonjs/gui-editor/-/gui-editor-7.15.1.tgz",
      "integrity": "sha512-ffXYrH9bIZcVdIYWOKDLAHYJURWTar4NgSfTZRxRtu8eH4tUgmZTIIcy2HcIyfZG4dD4pEpoL8GlGI1S2c9mxQ==",
      "peer": true,
      "peerDependencies": {
        "@babylonjs/core": "^7.0.0",
        "@babylonjs/gui": "^7.0.0",
        "@types/react": ">=16.7.3",
        "@types/react-dom": ">=16.0.9"
      }
    },
    "node_modules/@babylonjs/inspector": {
      "version": "7.15.1",
      "resolved": "https://registry.npmmirror.com/@babylonjs/inspector/-/inspector-7.15.1.tgz",
      "integrity": "sha512-ainYeuO/Ev91eZ5ncjc6jAozI5kG6uE53C3Vx7RW6wbi/+EFe7eNu9iuWXAo3Pi31Zw7VtzCIumKwItLXq974g==",
      "dependencies": {
        "@fortawesome/fontawesome-svg-core": "^6.1.0",
        "@fortawesome/free-regular-svg-icons": "^6.0.0",
        "@fortawesome/free-solid-svg-icons": "^6.0.0"
      },
      "peerDependencies": {
        "@babylonjs/core": "^7.0.0",
        "@babylonjs/gui": "^7.0.0",
        "@babylonjs/gui-editor": "^7.0.0",
        "@babylonjs/loaders": "^7.0.0",
        "@babylonjs/materials": "^7.0.0",
        "@babylonjs/serializers": "^7.0.0",
        "@types/react": ">=16.7.3",
        "@types/react-dom": ">=16.0.9"
      }
    },
    "node_modules/@babylonjs/loaders": {
      "version": "7.15.1",
      "resolved": "https://registry.npmmirror.com/@babylonjs/loaders/-/loaders-7.15.1.tgz",
      "integrity": "sha512-ecbrfPrbFCaoIHh1ACBEQEWhhLu79sOeMqrrJM4aWT3qdnlu7ybPX4zqo9QhGCDOvcljejKHE2zLT+AbEdodFA==",
      "peerDependencies": {
        "@babylonjs/core": "^7.0.0",
        "babylonjs-gltf2interface": "^7.0.0"
      }
    },
    "node_modules/@babylonjs/materials": {
      "version": "7.15.1",
      "resolved": "https://registry.npmmirror.com/@babylonjs/materials/-/materials-7.15.1.tgz",
      "integrity": "sha512-o7430We+fYBZc871yPsi5K/TMkgYG9YtYvCgDfWGkwTd9BZiuhKuosbvxQl9bt305OCgD2couNhcA3JyGnZ06Q==",
      "peer": true,
      "peerDependencies": {
        "@babylonjs/core": "^7.0.0"
      }
    },
    "node_modules/@babylonjs/serializers": {
      "version": "7.15.1",
      "resolved": "https://registry.npmmirror.com/@babylonjs/serializers/-/serializers-7.15.1.tgz",
      "integrity": "sha512-BOti7FwQtM8I7JKLg9u1J+10Ygwtm8iRpsuFAhohZPSfKm2jtGfRvLcL4IYt9ZQBpInxQtMHulTV3dktB+vujQ==",
      "peer": true,
      "peerDependencies": {
        "@babylonjs/core": "^7.0.0",
        "babylonjs-gltf2interface": "^7.0.0"
      }
    },
    "node_modules/@esbuild/win32-x64": {
      "version": "0.21.5",
      "resolved": "https://registry.npmmirror.com/@esbuild/win32-x64/-/win32-x64-0.21.5.tgz",
      "integrity": "sha512-tQd/1efJuzPC6rCFwEvLtci/xNFcTZknmXs98FYDfGE4wP9ClFV98nyKrzJKVPMhdDnjzLhdUyMX4PsQAPjwIw==",
      "cpu": [
        "x64"
      ],
      "dev": true,
      "optional": true,
      "os": [
        "win32"
      ],
      "engines": {
        "node": ">=12"
      }
    },
    "node_modules/@fortawesome/fontawesome-common-types": {
      "version": "6.6.0",
      "resolved": "https://registry.npmmirror.com/@fortawesome/fontawesome-common-types/-/fontawesome-common-types-6.6.0.tgz",
      "integrity": "sha512-xyX0X9mc0kyz9plIyryrRbl7ngsA9jz77mCZJsUkLl+ZKs0KWObgaEBoSgQiYWAsSmjz/yjl0F++Got0Mdp4Rw==",
      "engines": {
        "node": ">=6"
      }
    },
    "node_modules/@fortawesome/fontawesome-svg-core": {
      "version": "6.6.0",
      "resolved": "https://registry.npmmirror.com/@fortawesome/fontawesome-svg-core/-/fontawesome-svg-core-6.6.0.tgz",
      "integrity": "sha512-KHwPkCk6oRT4HADE7smhfsKudt9N/9lm6EJ5BVg0tD1yPA5hht837fB87F8pn15D8JfTqQOjhKTktwmLMiD7Kg==",
      "dependencies": {
        "@fortawesome/fontawesome-common-types": "6.6.0"
      },
      "engines": {
        "node": ">=6"
      }
    },
    "node_modules/@fortawesome/free-regular-svg-icons": {
      "version": "6.6.0",
      "resolved": "https://registry.npmmirror.com/@fortawesome/free-regular-svg-icons/-/free-regular-svg-icons-6.6.0.tgz",
      "integrity": "sha512-Yv9hDzL4aI73BEwSEh20clrY8q/uLxawaQ98lekBx6t9dQKDHcDzzV1p2YtBGTtolYtNqcWdniOnhzB+JPnQEQ==",
      "dependencies": {
        "@fortawesome/fontawesome-common-types": "6.6.0"
      },
      "engines": {
        "node": ">=6"
      }
    },
    "node_modules/@fortawesome/free-solid-svg-icons": {
      "version": "6.6.0",
      "resolved": "https://registry.npmmirror.com/@fortawesome/free-solid-svg-icons/-/free-solid-svg-icons-6.6.0.tgz",
      "integrity": "sha512-IYv/2skhEDFc2WGUcqvFJkeK39Q+HyPf5GHUrT/l2pKbtgEIv1al1TKd6qStR5OIwQdN1GZP54ci3y4mroJWjA==",
      "dependencies": {
        "@fortawesome/fontawesome-common-types": "6.6.0"
      },
      "engines": {
        "node": ">=6"
      }
    },
    "node_modules/@jridgewell/sourcemap-codec": {
      "version": "1.5.0",
      "resolved": "https://registry.npmmirror.com/@jridgewell/sourcemap-codec/-/sourcemap-codec-1.5.0.tgz",
      "integrity": "sha512-gv3ZRaISU3fjPAgNsriBRqGWQL6quFx04YMPW/zD8XMLsU32mhCCbfbO6KZFLjvYpCZ8zyDEgqsgf+PwPaM7GQ=="
    },
    "node_modules/@rollup/rollup-win32-x64-msvc": {
      "version": "4.18.1",
      "resolved": "https://registry.npmmirror.com/@rollup/rollup-win32-x64-msvc/-/rollup-win32-x64-msvc-4.18.1.tgz",
      "integrity": "sha512-yjk2MAkQmoaPYCSu35RLJ62+dz358nE83VfTePJRp8CG7aMg25mEJYpXFiD+NcevhX8LxD5OP5tktPXnXN7GDw==",
      "cpu": [
        "x64"
      ],
      "dev": true,
      "optional": true,
      "os": [
        "win32"
      ]
    },
    "node_modules/@types/estree": {
      "version": "1.0.5",
      "resolved": "https://registry.npmmirror.com/@types/estree/-/estree-1.0.5.tgz",
      "integrity": "sha512-/kYRxGDLWzHOB7q+wtSUQlFrtcdUccpfy+X+9iMBpHK8QLLhx2wIPYuS5DYtR9Wa/YlZAbIovy7qVdB1Aq6Lyw==",
      "dev": true
    },
    "node_modules/@types/prop-types": {
      "version": "15.7.12",
      "resolved": "https://registry.npmmirror.com/@types/prop-types/-/prop-types-15.7.12.tgz",
      "integrity": "sha512-5zvhXYtRNRluoE/jAp4GVsSduVUzNWKkOZrCDBWYtE7biZywwdC2AcEzg+cSMLFRfVgeAFqpfNabiPjxFddV1Q==",
      "peer": true
    },
    "node_modules/@types/react": {
      "version": "18.3.3",
      "resolved": "https://registry.npmmirror.com/@types/react/-/react-18.3.3.tgz",
      "integrity": "sha512-hti/R0pS0q1/xx+TsI73XIqk26eBsISZ2R0wUijXIngRK9R/e7Xw/cXVxQK7R5JjW+SV4zGcn5hXjudkN/pLIw==",
      "peer": true,
      "dependencies": {
        "@types/prop-types": "*",
        "csstype": "^3.0.2"
      }
    },
    "node_modules/@types/react-dom": {
      "version": "18.3.0",
      "resolved": "https://registry.npmmirror.com/@types/react-dom/-/react-dom-18.3.0.tgz",
      "integrity": "sha512-EhwApuTmMBmXuFOikhQLIBUn6uFg81SwLMOAUgodJF14SOBOCMdU04gDoYi0WOJJHD144TL32z4yDqCW3dnkQg==",
      "peer": true,
      "dependencies": {
        "@types/react": "*"
      }
    },
    "node_modules/@vitejs/plugin-vue": {
      "version": "5.0.5",
      "resolved": "https://registry.npmmirror.com/@vitejs/plugin-vue/-/plugin-vue-5.0.5.tgz",
      "integrity": "sha512-LOjm7XeIimLBZyzinBQ6OSm3UBCNVCpLkxGC0oWmm2YPzVZoxMsdvNVimLTBzpAnR9hl/yn1SHGuRfe6/Td9rQ==",
      "dev": true,
      "engines": {
        "node": "^18.0.0 || >=20.0.0"
      },
      "peerDependencies": {
        "vite": "^5.0.0",
        "vue": "^3.2.25"
      }
    },
    "node_modules/@vue/compiler-core": {
      "version": "3.4.32",
      "resolved": "https://registry.npmmirror.com/@vue/compiler-core/-/compiler-core-3.4.32.tgz",
      "integrity": "sha512-8tCVWkkLe/QCWIsrIvExUGnhYCAOroUs5dzhSoKL5w4MJS8uIYiou+pOPSVIOALOQ80B0jBs+Ri+kd5+MBnCDw==",
      "dependencies": {
        "@babel/parser": "^7.24.7",
        "@vue/shared": "3.4.32",
        "entities": "^4.5.0",
        "estree-walker": "^2.0.2",
        "source-map-js": "^1.2.0"
      }
    },
    "node_modules/@vue/compiler-dom": {
      "version": "3.4.32",
      "resolved": "https://registry.npmmirror.com/@vue/compiler-dom/-/compiler-dom-3.4.32.tgz",
      "integrity": "sha512-PbSgt9KuYo4fyb90dynuPc0XFTfFPs3sCTbPLOLlo+PrUESW1gn/NjSsUvhR+mI2AmmEzexwYMxbHDldxSOr2A==",
      "dependencies": {
        "@vue/compiler-core": "3.4.32",
        "@vue/shared": "3.4.32"
      }
    },
    "node_modules/@vue/compiler-sfc": {
      "version": "3.4.32",
      "resolved": "https://registry.npmmirror.com/@vue/compiler-sfc/-/compiler-sfc-3.4.32.tgz",
      "integrity": "sha512-STy9im/WHfaguJnfKjjVpMHukxHUrOKjm2vVCxiojQJyo3Sb6Os8SMXBr/MI+ekpstEGkDONfqAQoSbZhspLYw==",
      "dependencies": {
        "@babel/parser": "^7.24.7",
        "@vue/compiler-core": "3.4.32",
        "@vue/compiler-dom": "3.4.32",
        "@vue/compiler-ssr": "3.4.32",
        "@vue/shared": "3.4.32",
        "estree-walker": "^2.0.2",
        "magic-string": "^0.30.10",
        "postcss": "^8.4.39",
        "source-map-js": "^1.2.0"
      }
    },
    "node_modules/@vue/compiler-ssr": {
      "version": "3.4.32",
      "resolved": "https://registry.npmmirror.com/@vue/compiler-ssr/-/compiler-ssr-3.4.32.tgz",
      "integrity": "sha512-nyu/txTecF6DrxLrpLcI34xutrvZPtHPBj9yRoPxstIquxeeyywXpYZrQMsIeDfBhlw1abJb9CbbyZvDw2kjdg==",
      "dependencies": {
        "@vue/compiler-dom": "3.4.32",
        "@vue/shared": "3.4.32"
      }
    },
    "node_modules/@vue/reactivity": {
      "version": "3.4.32",
      "resolved": "https://registry.npmmirror.com/@vue/reactivity/-/reactivity-3.4.32.tgz",
      "integrity": "sha512-1P7QvghAzhSIWmiNmh4MNkLVjr2QTNDcFv2sKmytEWhR6t7BZzNicgm5ENER4uU++wbWxgRh/pSEYgdI3MDcvg==",
      "dependencies": {
        "@vue/shared": "3.4.32"
      }
    },
    "node_modules/@vue/runtime-core": {
      "version": "3.4.32",
      "resolved": "https://registry.npmmirror.com/@vue/runtime-core/-/runtime-core-3.4.32.tgz",
      "integrity": "sha512-FxT2dTHUs1Hki8Ui/B1Hu339mx4H5kRJooqrNM32tGUHBPStJxwMzLIRbeGO/B1NMplU4Pg9fwOqrJtrOzkdfA==",
      "dependencies": {
        "@vue/reactivity": "3.4.32",
        "@vue/shared": "3.4.32"
      }
    },
    "node_modules/@vue/runtime-dom": {
      "version": "3.4.32",
      "resolved": "https://registry.npmmirror.com/@vue/runtime-dom/-/runtime-dom-3.4.32.tgz",
      "integrity": "sha512-Xz9G+ZViRyPFQtRBCPFkhMzKn454ihCPMKUiacNaUhuTIXvyfkAq8l89IZ/kegFVyw/7KkJGRGqYdEZrf27Xsg==",
      "dependencies": {
        "@vue/reactivity": "3.4.32",
        "@vue/runtime-core": "3.4.32",
        "@vue/shared": "3.4.32",
        "csstype": "^3.1.3"
      }
    },
    "node_modules/@vue/server-renderer": {
      "version": "3.4.32",
      "resolved": "https://registry.npmmirror.com/@vue/server-renderer/-/server-renderer-3.4.32.tgz",
      "integrity": "sha512-3c4rd0522Ao8hKjzgmUAbcjv2mBnvnw0Ld2f8HOMCuWJZjYie/p8cpIoYJbeP0VV2JYmrJJMwGQDO5RH4iQ30A==",
      "dependencies": {
        "@vue/compiler-ssr": "3.4.32",
        "@vue/shared": "3.4.32"
      },
      "peerDependencies": {
        "vue": "3.4.32"
      }
    },
    "node_modules/@vue/shared": {
      "version": "3.4.32",
      "resolved": "https://registry.npmmirror.com/@vue/shared/-/shared-3.4.32.tgz",
      "integrity": "sha512-ep4mF1IVnX/pYaNwxwOpJHyBtOMKWoKZMbnUyd+z0udqIxLUh7YCCd/JfDna8aUrmnG9SFORyIq2HzEATRrQsg=="
    },
    "node_modules/babylonjs-gltf2interface": {
      "version": "7.15.1",
      "resolved": "https://registry.npmmirror.com/babylonjs-gltf2interface/-/babylonjs-gltf2interface-7.15.1.tgz",
      "integrity": "sha512-y2t5v8wrIvzw+C1ZeUOhZ6SLm5LTIhVkIN0wkIoBnwKpI4+63+zwIqqsvEWoHPHvXAELrgTZiXp6p3H71mkVgQ==",
      "peer": true
    },
    "node_modules/csstype": {
      "version": "3.1.3",
      "resolved": "https://registry.npmmirror.com/csstype/-/csstype-3.1.3.tgz",
      "integrity": "sha512-M1uQkMl8rQK/szD0LNhtqxIPLpimGm8sOBwU7lLnCpSbTyY3yeU1Vc7l4KT5zT4s/yOxHH5O7tIuuLOCnLADRw=="
    },
    "node_modules/entities": {
      "version": "4.5.0",
      "resolved": "https://registry.npmmirror.com/entities/-/entities-4.5.0.tgz",
      "integrity": "sha512-V0hjH4dGPh9Ao5p0MoRY6BVqtwCjhz6vI5LT8AJ55H+4g9/4vbHx1I54fS0XuclLhDHArPQCiMjDxjaL8fPxhw==",
      "engines": {
        "node": ">=0.12"
      },
      "funding": {
        "url": "https://github.com/fb55/entities?sponsor=1"
      }
    },
    "node_modules/esbuild": {
      "version": "0.21.5",
      "resolved": "https://registry.npmmirror.com/esbuild/-/esbuild-0.21.5.tgz",
      "integrity": "sha512-mg3OPMV4hXywwpoDxu3Qda5xCKQi+vCTZq8S9J/EpkhB2HzKXq4SNFZE3+NK93JYxc8VMSep+lOUSC/RVKaBqw==",
      "dev": true,
      "hasInstallScript": true,
      "bin": {
        "esbuild": "bin/esbuild"
      },
      "engines": {
        "node": ">=12"
      },
      "optionalDependencies": {
        "@esbuild/aix-ppc64": "0.21.5",
        "@esbuild/android-arm": "0.21.5",
        "@esbuild/android-arm64": "0.21.5",
        "@esbuild/android-x64": "0.21.5",
        "@esbuild/darwin-arm64": "0.21.5",
        "@esbuild/darwin-x64": "0.21.5",
        "@esbuild/freebsd-arm64": "0.21.5",
        "@esbuild/freebsd-x64": "0.21.5",
        "@esbuild/linux-arm": "0.21.5",
        "@esbuild/linux-arm64": "0.21.5",
        "@esbuild/linux-ia32": "0.21.5",
        "@esbuild/linux-loong64": "0.21.5",
        "@esbuild/linux-mips64el": "0.21.5",
        "@esbuild/linux-ppc64": "0.21.5",
        "@esbuild/linux-riscv64": "0.21.5",
        "@esbuild/linux-s390x": "0.21.5",
        "@esbuild/linux-x64": "0.21.5",
        "@esbuild/netbsd-x64": "0.21.5",
        "@esbuild/openbsd-x64": "0.21.5",
        "@esbuild/sunos-x64": "0.21.5",
        "@esbuild/win32-arm64": "0.21.5",
        "@esbuild/win32-ia32": "0.21.5",
        "@esbuild/win32-x64": "0.21.5"
      }
    },
    "node_modules/estree-walker": {
      "version": "2.0.2",
      "resolved": "https://registry.npmmirror.com/estree-walker/-/estree-walker-2.0.2.tgz",
      "integrity": "sha512-Rfkk/Mp/DL7JVje3u18FxFujQlTNR2q6QfMSMB7AvCBx91NGj/ba3kCfza0f6dVDbw7YlRf/nDrn7pQrCCyQ/w=="
    },
    "node_modules/magic-string": {
      "version": "0.30.10",
      "resolved": "https://registry.npmmirror.com/magic-string/-/magic-string-0.30.10.tgz",
      "integrity": "sha512-iIRwTIf0QKV3UAnYK4PU8uiEc4SRh5jX0mwpIwETPpHdhVM4f53RSwS/vXvN1JhGX+Cs7B8qIq3d6AH49O5fAQ==",
      "dependencies": {
        "@jridgewell/sourcemap-codec": "^1.4.15"
      }
    },
    "node_modules/nanoid": {
      "version": "3.3.7",
      "resolved": "https://registry.npmmirror.com/nanoid/-/nanoid-3.3.7.tgz",
      "integrity": "sha512-eSRppjcPIatRIMC1U6UngP8XFcz8MQWGQdt1MTBQ7NaAmvXDfvNxbvWV3x2y6CdEUciCSsDHDQZbhYaB8QEo2g==",
      "funding": [
        {
          "type": "github",
          "url": "https://github.com/sponsors/ai"
        }
      ],
      "bin": {
        "nanoid": "bin/nanoid.cjs"
      },
      "engines": {
        "node": "^10 || ^12 || ^13.7 || ^14 || >=15.0.1"
      }
    },
    "node_modules/picocolors": {
      "version": "1.0.1",
      "resolved": "https://registry.npmmirror.com/picocolors/-/picocolors-1.0.1.tgz",
      "integrity": "sha512-anP1Z8qwhkbmu7MFP5iTt+wQKXgwzf7zTyGlcdzabySa9vd0Xt392U0rVmz9poOaBj0uHJKyyo9/upk0HrEQew=="
    },
    "node_modules/postcss": {
      "version": "8.4.39",
      "resolved": "https://registry.npmmirror.com/postcss/-/postcss-8.4.39.tgz",
      "integrity": "sha512-0vzE+lAiG7hZl1/9I8yzKLx3aR9Xbof3fBHKunvMfOCYAtMhrsnccJY2iTURb9EZd5+pLuiNV9/c/GZJOHsgIw==",
      "funding": [
        {
          "type": "opencollective",
          "url": "https://opencollective.com/postcss/"
        },
        {
          "type": "tidelift",
          "url": "https://tidelift.com/funding/github/npm/postcss"
        },
        {
          "type": "github",
          "url": "https://github.com/sponsors/ai"
        }
      ],
      "dependencies": {
        "nanoid": "^3.3.7",
        "picocolors": "^1.0.1",
        "source-map-js": "^1.2.0"
      },
      "engines": {
        "node": "^10 || ^12 || >=14"
      }
    },
    "node_modules/rollup": {
      "version": "4.18.1",
      "resolved": "https://registry.npmmirror.com/rollup/-/rollup-4.18.1.tgz",
      "integrity": "sha512-Elx2UT8lzxxOXMpy5HWQGZqkrQOtrVDDa/bm9l10+U4rQnVzbL/LgZ4NOM1MPIDyHk69W4InuYDF5dzRh4Kw1A==",
      "dev": true,
      "dependencies": {
        "@types/estree": "1.0.5"
      },
      "bin": {
        "rollup": "dist/bin/rollup"
      },
      "engines": {
        "node": ">=18.0.0",
        "npm": ">=8.0.0"
      },
      "optionalDependencies": {
        "@rollup/rollup-android-arm-eabi": "4.18.1",
        "@rollup/rollup-android-arm64": "4.18.1",
        "@rollup/rollup-darwin-arm64": "4.18.1",
        "@rollup/rollup-darwin-x64": "4.18.1",
        "@rollup/rollup-linux-arm-gnueabihf": "4.18.1",
        "@rollup/rollup-linux-arm-musleabihf": "4.18.1",
        "@rollup/rollup-linux-arm64-gnu": "4.18.1",
        "@rollup/rollup-linux-arm64-musl": "4.18.1",
        "@rollup/rollup-linux-powerpc64le-gnu": "4.18.1",
        "@rollup/rollup-linux-riscv64-gnu": "4.18.1",
        "@rollup/rollup-linux-s390x-gnu": "4.18.1",
        "@rollup/rollup-linux-x64-gnu": "4.18.1",
        "@rollup/rollup-linux-x64-musl": "4.18.1",
        "@rollup/rollup-win32-arm64-msvc": "4.18.1",
        "@rollup/rollup-win32-ia32-msvc": "4.18.1",
        "@rollup/rollup-win32-x64-msvc": "4.18.1",
        "fsevents": "~2.3.2"
      }
    },
    "node_modules/source-map-js": {
      "version": "1.2.0",
      "resolved": "https://registry.npmmirror.com/source-map-js/-/source-map-js-1.2.0.tgz",
      "integrity": "sha512-itJW8lvSA0TXEphiRoawsCksnlf8SyvmFzIhltqAHluXd88pkCd+cXJVHTDwdCr0IzwptSm035IHQktUu1QUMg==",
      "engines": {
        "node": ">=0.10.0"
      }
    },
    "node_modules/vite": {
      "version": "5.3.4",
      "resolved": "https://registry.npmmirror.com/vite/-/vite-5.3.4.tgz",
      "integrity": "sha512-Cw+7zL3ZG9/NZBB8C+8QbQZmR54GwqIz+WMI4b3JgdYJvX+ny9AjJXqkGQlDXSXRP9rP0B4tbciRMOVEKulVOA==",
      "dev": true,
      "dependencies": {
        "esbuild": "^0.21.3",
        "postcss": "^8.4.39",
        "rollup": "^4.13.0"
      },
      "bin": {
        "vite": "bin/vite.js"
      },
      "engines": {
        "node": "^18.0.0 || >=20.0.0"
      },
      "funding": {
        "url": "https://github.com/vitejs/vite?sponsor=1"
      },
      "optionalDependencies": {
        "fsevents": "~2.3.3"
      },
      "peerDependencies": {
        "@types/node": "^18.0.0 || >=20.0.0",
        "less": "*",
        "lightningcss": "^1.21.0",
        "sass": "*",
        "stylus": "*",
        "sugarss": "*",
        "terser": "^5.4.0"
      },
      "peerDependenciesMeta": {
        "@types/node": {
          "optional": true
        },
        "less": {
          "optional": true
        },
        "lightningcss": {
          "optional": true
        },
        "sass": {
          "optional": true
        },
        "stylus": {
          "optional": true
        },
        "sugarss": {
          "optional": true
        },
        "terser": {
          "optional": true
        }
      }
    },
    "node_modules/vue": {
      "version": "3.4.32",
      "resolved": "https://registry.npmmirror.com/vue/-/vue-3.4.32.tgz",
      "integrity": "sha512-9mCGIAi/CAq7GtaLLLp2J92pEic+HArstG+pq6F+H7+/jB9a0Z7576n4Bh4k79/50L1cKMIhZC3MC0iGpl+1IA==",
      "dependencies": {
        "@vue/compiler-dom": "3.4.32",
        "@vue/compiler-sfc": "3.4.32",
        "@vue/runtime-dom": "3.4.32",
        "@vue/server-renderer": "3.4.32",
        "@vue/shared": "3.4.32"
      },
      "peerDependencies": {
        "typescript": "*"
      },
      "peerDependenciesMeta": {
        "typescript": {
          "optional": true
        }
      }
    }
  },
  "dependencies": {
    "@babel/parser": {
      "version": "7.24.8",
      "resolved": "https://registry.npmmirror.com/@babel/parser/-/parser-7.24.8.tgz",
      "integrity": "sha512-WzfbgXOkGzZiXXCqk43kKwZjzwx4oulxZi3nq2TYL9mOjQv6kYwul9mz6ID36njuL7Xkp6nJEfok848Zj10j/w=="
    },
    "@babylonjs/core": {
      "version": "7.15.1",
      "resolved": "https://registry.npmmirror.com/@babylonjs/core/-/core-7.15.1.tgz",
      "integrity": "sha512-YL/ecq7WnjFJY60xtCocweDeZLz85OE+yX6draSoAnNyY2tPGoLoZW9Tpai8kjocWsr6O2Qa5fSzEnpWBZZElQ=="
    },
    "@babylonjs/gui": {
      "version": "7.15.1",
      "resolved": "https://registry.npmmirror.com/@babylonjs/gui/-/gui-7.15.1.tgz",
      "integrity": "sha512-huB5AW6SflbA4zV8Fa19kqehHlOsssRdndmKr4URDsPLVFQ1bCcxqSmFz9qD23T0e7w2xz7PQnoPqhKnkCtHrQ==",
      "requires": {}
    },
    "@babylonjs/gui-editor": {
      "version": "7.15.1",
      "resolved": "https://registry.npmmirror.com/@babylonjs/gui-editor/-/gui-editor-7.15.1.tgz",
      "integrity": "sha512-ffXYrH9bIZcVdIYWOKDLAHYJURWTar4NgSfTZRxRtu8eH4tUgmZTIIcy2HcIyfZG4dD4pEpoL8GlGI1S2c9mxQ==",
      "peer": true,
      "requires": {}
    },
    "@babylonjs/inspector": {
      "version": "7.15.1",
      "resolved": "https://registry.npmmirror.com/@babylonjs/inspector/-/inspector-7.15.1.tgz",
      "integrity": "sha512-ainYeuO/Ev91eZ5ncjc6jAozI5kG6uE53C3Vx7RW6wbi/+EFe7eNu9iuWXAo3Pi31Zw7VtzCIumKwItLXq974g==",
      "requires": {
        "@fortawesome/fontawesome-svg-core": "^6.1.0",
        "@fortawesome/free-regular-svg-icons": "^6.0.0",
        "@fortawesome/free-solid-svg-icons": "^6.0.0"
      }
    },
    "@babylonjs/loaders": {
      "version": "7.15.1",
      "resolved": "https://registry.npmmirror.com/@babylonjs/loaders/-/loaders-7.15.1.tgz",
      "integrity": "sha512-ecbrfPrbFCaoIHh1ACBEQEWhhLu79sOeMqrrJM4aWT3qdnlu7ybPX4zqo9QhGCDOvcljejKHE2zLT+AbEdodFA==",
      "requires": {}
    },
    "@babylonjs/materials": {
      "version": "7.15.1",
      "resolved": "https://registry.npmmirror.com/@babylonjs/materials/-/materials-7.15.1.tgz",
      "integrity": "sha512-o7430We+fYBZc871yPsi5K/TMkgYG9YtYvCgDfWGkwTd9BZiuhKuosbvxQl9bt305OCgD2couNhcA3JyGnZ06Q==",
      "peer": true,
      "requires": {}
    },
    "@babylonjs/serializers": {
      "version": "7.15.1",
      "resolved": "https://registry.npmmirror.com/@babylonjs/serializers/-/serializers-7.15.1.tgz",
      "integrity": "sha512-BOti7FwQtM8I7JKLg9u1J+10Ygwtm8iRpsuFAhohZPSfKm2jtGfRvLcL4IYt9ZQBpInxQtMHulTV3dktB+vujQ==",
      "peer": true,
      "requires": {}
    },
    "@esbuild/win32-x64": {
      "version": "0.21.5",
      "resolved": "https://registry.npmmirror.com/@esbuild/win32-x64/-/win32-x64-0.21.5.tgz",
      "integrity": "sha512-tQd/1efJuzPC6rCFwEvLtci/xNFcTZknmXs98FYDfGE4wP9ClFV98nyKrzJKVPMhdDnjzLhdUyMX4PsQAPjwIw==",
      "dev": true,
      "optional": true
    },
    "@fortawesome/fontawesome-common-types": {
      "version": "6.6.0",
      "resolved": "https://registry.npmmirror.com/@fortawesome/fontawesome-common-types/-/fontawesome-common-types-6.6.0.tgz",
      "integrity": "sha512-xyX0X9mc0kyz9plIyryrRbl7ngsA9jz77mCZJsUkLl+ZKs0KWObgaEBoSgQiYWAsSmjz/yjl0F++Got0Mdp4Rw=="
    },
    "@fortawesome/fontawesome-svg-core": {
      "version": "6.6.0",
      "resolved": "https://registry.npmmirror.com/@fortawesome/fontawesome-svg-core/-/fontawesome-svg-core-6.6.0.tgz",
      "integrity": "sha512-KHwPkCk6oRT4HADE7smhfsKudt9N/9lm6EJ5BVg0tD1yPA5hht837fB87F8pn15D8JfTqQOjhKTktwmLMiD7Kg==",
      "requires": {
        "@fortawesome/fontawesome-common-types": "6.6.0"
      }
    },
    "@fortawesome/free-regular-svg-icons": {
      "version": "6.6.0",
      "resolved": "https://registry.npmmirror.com/@fortawesome/free-regular-svg-icons/-/free-regular-svg-icons-6.6.0.tgz",
      "integrity": "sha512-Yv9hDzL4aI73BEwSEh20clrY8q/uLxawaQ98lekBx6t9dQKDHcDzzV1p2YtBGTtolYtNqcWdniOnhzB+JPnQEQ==",
      "requires": {
        "@fortawesome/fontawesome-common-types": "6.6.0"
      }
    },
    "@fortawesome/free-solid-svg-icons": {
      "version": "6.6.0",
      "resolved": "https://registry.npmmirror.com/@fortawesome/free-solid-svg-icons/-/free-solid-svg-icons-6.6.0.tgz",
      "integrity": "sha512-IYv/2skhEDFc2WGUcqvFJkeK39Q+HyPf5GHUrT/l2pKbtgEIv1al1TKd6qStR5OIwQdN1GZP54ci3y4mroJWjA==",
      "requires": {
        "@fortawesome/fontawesome-common-types": "6.6.0"
      }
    },
    "@jridgewell/sourcemap-codec": {
      "version": "1.5.0",
      "resolved": "https://registry.npmmirror.com/@jridgewell/sourcemap-codec/-/sourcemap-codec-1.5.0.tgz",
      "integrity": "sha512-gv3ZRaISU3fjPAgNsriBRqGWQL6quFx04YMPW/zD8XMLsU32mhCCbfbO6KZFLjvYpCZ8zyDEgqsgf+PwPaM7GQ=="
    },
    "@rollup/rollup-win32-x64-msvc": {
      "version": "4.18.1",
      "resolved": "https://registry.npmmirror.com/@rollup/rollup-win32-x64-msvc/-/rollup-win32-x64-msvc-4.18.1.tgz",
      "integrity": "sha512-yjk2MAkQmoaPYCSu35RLJ62+dz358nE83VfTePJRp8CG7aMg25mEJYpXFiD+NcevhX8LxD5OP5tktPXnXN7GDw==",
      "dev": true,
      "optional": true
    },
    "@types/estree": {
      "version": "1.0.5",
      "resolved": "https://registry.npmmirror.com/@types/estree/-/estree-1.0.5.tgz",
      "integrity": "sha512-/kYRxGDLWzHOB7q+wtSUQlFrtcdUccpfy+X+9iMBpHK8QLLhx2wIPYuS5DYtR9Wa/YlZAbIovy7qVdB1Aq6Lyw==",
      "dev": true
    },
    "@types/prop-types": {
      "version": "15.7.12",
      "resolved": "https://registry.npmmirror.com/@types/prop-types/-/prop-types-15.7.12.tgz",
      "integrity": "sha512-5zvhXYtRNRluoE/jAp4GVsSduVUzNWKkOZrCDBWYtE7biZywwdC2AcEzg+cSMLFRfVgeAFqpfNabiPjxFddV1Q==",
      "peer": true
    },
    "@types/react": {
      "version": "18.3.3",
      "resolved": "https://registry.npmmirror.com/@types/react/-/react-18.3.3.tgz",
      "integrity": "sha512-hti/R0pS0q1/xx+TsI73XIqk26eBsISZ2R0wUijXIngRK9R/e7Xw/cXVxQK7R5JjW+SV4zGcn5hXjudkN/pLIw==",
      "peer": true,
      "requires": {
        "@types/prop-types": "*",
        "csstype": "^3.0.2"
      }
    },
    "@types/react-dom": {
      "version": "18.3.0",
      "resolved": "https://registry.npmmirror.com/@types/react-dom/-/react-dom-18.3.0.tgz",
      "integrity": "sha512-EhwApuTmMBmXuFOikhQLIBUn6uFg81SwLMOAUgodJF14SOBOCMdU04gDoYi0WOJJHD144TL32z4yDqCW3dnkQg==",
      "peer": true,
      "requires": {
        "@types/react": "*"
      }
    },
    "@vitejs/plugin-vue": {
      "version": "5.0.5",
      "resolved": "https://registry.npmmirror.com/@vitejs/plugin-vue/-/plugin-vue-5.0.5.tgz",
      "integrity": "sha512-LOjm7XeIimLBZyzinBQ6OSm3UBCNVCpLkxGC0oWmm2YPzVZoxMsdvNVimLTBzpAnR9hl/yn1SHGuRfe6/Td9rQ==",
      "dev": true,
      "requires": {}
    },
    "@vue/compiler-core": {
      "version": "3.4.32",
      "resolved": "https://registry.npmmirror.com/@vue/compiler-core/-/compiler-core-3.4.32.tgz",
      "integrity": "sha512-8tCVWkkLe/QCWIsrIvExUGnhYCAOroUs5dzhSoKL5w4MJS8uIYiou+pOPSVIOALOQ80B0jBs+Ri+kd5+MBnCDw==",
      "requires": {
        "@babel/parser": "^7.24.7",
        "@vue/shared": "3.4.32",
        "entities": "^4.5.0",
        "estree-walker": "^2.0.2",
        "source-map-js": "^1.2.0"
      }
    },
    "@vue/compiler-dom": {
      "version": "3.4.32",
      "resolved": "https://registry.npmmirror.com/@vue/compiler-dom/-/compiler-dom-3.4.32.tgz",
      "integrity": "sha512-PbSgt9KuYo4fyb90dynuPc0XFTfFPs3sCTbPLOLlo+PrUESW1gn/NjSsUvhR+mI2AmmEzexwYMxbHDldxSOr2A==",
      "requires": {
        "@vue/compiler-core": "3.4.32",
        "@vue/shared": "3.4.32"
      }
    },
    "@vue/compiler-sfc": {
      "version": "3.4.32",
      "resolved": "https://registry.npmmirror.com/@vue/compiler-sfc/-/compiler-sfc-3.4.32.tgz",
      "integrity": "sha512-STy9im/WHfaguJnfKjjVpMHukxHUrOKjm2vVCxiojQJyo3Sb6Os8SMXBr/MI+ekpstEGkDONfqAQoSbZhspLYw==",
      "requires": {
        "@babel/parser": "^7.24.7",
        "@vue/compiler-core": "3.4.32",
        "@vue/compiler-dom": "3.4.32",
        "@vue/compiler-ssr": "3.4.32",
        "@vue/shared": "3.4.32",
        "estree-walker": "^2.0.2",
        "magic-string": "^0.30.10",
        "postcss": "^8.4.39",
        "source-map-js": "^1.2.0"
      }
    },
    "@vue/compiler-ssr": {
      "version": "3.4.32",
      "resolved": "https://registry.npmmirror.com/@vue/compiler-ssr/-/compiler-ssr-3.4.32.tgz",
      "integrity": "sha512-nyu/txTecF6DrxLrpLcI34xutrvZPtHPBj9yRoPxstIquxeeyywXpYZrQMsIeDfBhlw1abJb9CbbyZvDw2kjdg==",
      "requires": {
        "@vue/compiler-dom": "3.4.32",
        "@vue/shared": "3.4.32"
      }
    },
    "@vue/reactivity": {
      "version": "3.4.32",
      "resolved": "https://registry.npmmirror.com/@vue/reactivity/-/reactivity-3.4.32.tgz",
      "integrity": "sha512-1P7QvghAzhSIWmiNmh4MNkLVjr2QTNDcFv2sKmytEWhR6t7BZzNicgm5ENER4uU++wbWxgRh/pSEYgdI3MDcvg==",
      "requires": {
        "@vue/shared": "3.4.32"
      }
    },
    "@vue/runtime-core": {
      "version": "3.4.32",
      "resolved": "https://registry.npmmirror.com/@vue/runtime-core/-/runtime-core-3.4.32.tgz",
      "integrity": "sha512-FxT2dTHUs1Hki8Ui/B1Hu339mx4H5kRJooqrNM32tGUHBPStJxwMzLIRbeGO/B1NMplU4Pg9fwOqrJtrOzkdfA==",
      "requires": {
        "@vue/reactivity": "3.4.32",
        "@vue/shared": "3.4.32"
      }
    },
    "@vue/runtime-dom": {
      "version": "3.4.32",
      "resolved": "https://registry.npmmirror.com/@vue/runtime-dom/-/runtime-dom-3.4.32.tgz",
      "integrity": "sha512-Xz9G+ZViRyPFQtRBCPFkhMzKn454ihCPMKUiacNaUhuTIXvyfkAq8l89IZ/kegFVyw/7KkJGRGqYdEZrf27Xsg==",
      "requires": {
        "@vue/reactivity": "3.4.32",
        "@vue/runtime-core": "3.4.32",
        "@vue/shared": "3.4.32",
        "csstype": "^3.1.3"
      }
    },
    "@vue/server-renderer": {
      "version": "3.4.32",
      "resolved": "https://registry.npmmirror.com/@vue/server-renderer/-/server-renderer-3.4.32.tgz",
      "integrity": "sha512-3c4rd0522Ao8hKjzgmUAbcjv2mBnvnw0Ld2f8HOMCuWJZjYie/p8cpIoYJbeP0VV2JYmrJJMwGQDO5RH4iQ30A==",
      "requires": {
        "@vue/compiler-ssr": "3.4.32",
        "@vue/shared": "3.4.32"
      }
    },
    "@vue/shared": {
      "version": "3.4.32",
      "resolved": "https://registry.npmmirror.com/@vue/shared/-/shared-3.4.32.tgz",
      "integrity": "sha512-ep4mF1IVnX/pYaNwxwOpJHyBtOMKWoKZMbnUyd+z0udqIxLUh7YCCd/JfDna8aUrmnG9SFORyIq2HzEATRrQsg=="
    },
    "babylonjs-gltf2interface": {
      "version": "7.15.1",
      "resolved": "https://registry.npmmirror.com/babylonjs-gltf2interface/-/babylonjs-gltf2interface-7.15.1.tgz",
      "integrity": "sha512-y2t5v8wrIvzw+C1ZeUOhZ6SLm5LTIhVkIN0wkIoBnwKpI4+63+zwIqqsvEWoHPHvXAELrgTZiXp6p3H71mkVgQ==",
      "peer": true
    },
    "csstype": {
      "version": "3.1.3",
      "resolved": "https://registry.npmmirror.com/csstype/-/csstype-3.1.3.tgz",
      "integrity": "sha512-M1uQkMl8rQK/szD0LNhtqxIPLpimGm8sOBwU7lLnCpSbTyY3yeU1Vc7l4KT5zT4s/yOxHH5O7tIuuLOCnLADRw=="
    },
    "entities": {
      "version": "4.5.0",
      "resolved": "https://registry.npmmirror.com/entities/-/entities-4.5.0.tgz",
      "integrity": "sha512-V0hjH4dGPh9Ao5p0MoRY6BVqtwCjhz6vI5LT8AJ55H+4g9/4vbHx1I54fS0XuclLhDHArPQCiMjDxjaL8fPxhw=="
    },
    "esbuild": {
      "version": "0.21.5",
      "resolved": "https://registry.npmmirror.com/esbuild/-/esbuild-0.21.5.tgz",
      "integrity": "sha512-mg3OPMV4hXywwpoDxu3Qda5xCKQi+vCTZq8S9J/EpkhB2HzKXq4SNFZE3+NK93JYxc8VMSep+lOUSC/RVKaBqw==",
      "dev": true,
      "requires": {
        "@esbuild/aix-ppc64": "0.21.5",
        "@esbuild/android-arm": "0.21.5",
        "@esbuild/android-arm64": "0.21.5",
        "@esbuild/android-x64": "0.21.5",
        "@esbuild/darwin-arm64": "0.21.5",
        "@esbuild/darwin-x64": "0.21.5",
        "@esbuild/freebsd-arm64": "0.21.5",
        "@esbuild/freebsd-x64": "0.21.5",
        "@esbuild/linux-arm": "0.21.5",
        "@esbuild/linux-arm64": "0.21.5",
        "@esbuild/linux-ia32": "0.21.5",
        "@esbuild/linux-loong64": "0.21.5",
        "@esbuild/linux-mips64el": "0.21.5",
        "@esbuild/linux-ppc64": "0.21.5",
        "@esbuild/linux-riscv64": "0.21.5",
        "@esbuild/linux-s390x": "0.21.5",
        "@esbuild/linux-x64": "0.21.5",
        "@esbuild/netbsd-x64": "0.21.5",
        "@esbuild/openbsd-x64": "0.21.5",
        "@esbuild/sunos-x64": "0.21.5",
        "@esbuild/win32-arm64": "0.21.5",
        "@esbuild/win32-ia32": "0.21.5",
        "@esbuild/win32-x64": "0.21.5"
      }
    },
    "estree-walker": {
      "version": "2.0.2",
      "resolved": "https://registry.npmmirror.com/estree-walker/-/estree-walker-2.0.2.tgz",
      "integrity": "sha512-Rfkk/Mp/DL7JVje3u18FxFujQlTNR2q6QfMSMB7AvCBx91NGj/ba3kCfza0f6dVDbw7YlRf/nDrn7pQrCCyQ/w=="
    },
    "magic-string": {
      "version": "0.30.10",
      "resolved": "https://registry.npmmirror.com/magic-string/-/magic-string-0.30.10.tgz",
      "integrity": "sha512-iIRwTIf0QKV3UAnYK4PU8uiEc4SRh5jX0mwpIwETPpHdhVM4f53RSwS/vXvN1JhGX+Cs7B8qIq3d6AH49O5fAQ==",
      "requires": {
        "@jridgewell/sourcemap-codec": "^1.4.15"
      }
    },
    "nanoid": {
      "version": "3.3.7",
      "resolved": "https://registry.npmmirror.com/nanoid/-/nanoid-3.3.7.tgz",
      "integrity": "sha512-eSRppjcPIatRIMC1U6UngP8XFcz8MQWGQdt1MTBQ7NaAmvXDfvNxbvWV3x2y6CdEUciCSsDHDQZbhYaB8QEo2g=="
    },
    "picocolors": {
      "version": "1.0.1",
      "resolved": "https://registry.npmmirror.com/picocolors/-/picocolors-1.0.1.tgz",
      "integrity": "sha512-anP1Z8qwhkbmu7MFP5iTt+wQKXgwzf7zTyGlcdzabySa9vd0Xt392U0rVmz9poOaBj0uHJKyyo9/upk0HrEQew=="
    },
    "postcss": {
      "version": "8.4.39",
      "resolved": "https://registry.npmmirror.com/postcss/-/postcss-8.4.39.tgz",
      "integrity": "sha512-0vzE+lAiG7hZl1/9I8yzKLx3aR9Xbof3fBHKunvMfOCYAtMhrsnccJY2iTURb9EZd5+pLuiNV9/c/GZJOHsgIw==",
      "requires": {
        "nanoid": "^3.3.7",
        "picocolors": "^1.0.1",
        "source-map-js": "^1.2.0"
      }
    },
    "rollup": {
      "version": "4.18.1",
      "resolved": "https://registry.npmmirror.com/rollup/-/rollup-4.18.1.tgz",
      "integrity": "sha512-Elx2UT8lzxxOXMpy5HWQGZqkrQOtrVDDa/bm9l10+U4rQnVzbL/LgZ4NOM1MPIDyHk69W4InuYDF5dzRh4Kw1A==",
      "dev": true,
      "requires": {
        "@rollup/rollup-android-arm-eabi": "4.18.1",
        "@rollup/rollup-android-arm64": "4.18.1",
        "@rollup/rollup-darwin-arm64": "4.18.1",
        "@rollup/rollup-darwin-x64": "4.18.1",
        "@rollup/rollup-linux-arm-gnueabihf": "4.18.1",
        "@rollup/rollup-linux-arm-musleabihf": "4.18.1",
        "@rollup/rollup-linux-arm64-gnu": "4.18.1",
        "@rollup/rollup-linux-arm64-musl": "4.18.1",
        "@rollup/rollup-linux-powerpc64le-gnu": "4.18.1",
        "@rollup/rollup-linux-riscv64-gnu": "4.18.1",
        "@rollup/rollup-linux-s390x-gnu": "4.18.1",
        "@rollup/rollup-linux-x64-gnu": "4.18.1",
        "@rollup/rollup-linux-x64-musl": "4.18.1",
        "@rollup/rollup-win32-arm64-msvc": "4.18.1",
        "@rollup/rollup-win32-ia32-msvc": "4.18.1",
        "@rollup/rollup-win32-x64-msvc": "4.18.1",
        "@types/estree": "1.0.5",
        "fsevents": "~2.3.2"
      }
    },
    "source-map-js": {
      "version": "1.2.0",
      "resolved": "https://registry.npmmirror.com/source-map-js/-/source-map-js-1.2.0.tgz",
      "integrity": "sha512-itJW8lvSA0TXEphiRoawsCksnlf8SyvmFzIhltqAHluXd88pkCd+cXJVHTDwdCr0IzwptSm035IHQktUu1QUMg=="
    },
    "vite": {
      "version": "5.3.4",
      "resolved": "https://registry.npmmirror.com/vite/-/vite-5.3.4.tgz",
      "integrity": "sha512-Cw+7zL3ZG9/NZBB8C+8QbQZmR54GwqIz+WMI4b3JgdYJvX+ny9AjJXqkGQlDXSXRP9rP0B4tbciRMOVEKulVOA==",
      "dev": true,
      "requires": {
        "esbuild": "^0.21.3",
        "fsevents": "~2.3.3",
        "postcss": "^8.4.39",
        "rollup": "^4.13.0"
      }
    },
    "vue": {
      "version": "3.4.32",
      "resolved": "https://registry.npmmirror.com/vue/-/vue-3.4.32.tgz",
      "integrity": "sha512-9mCGIAi/CAq7GtaLLLp2J92pEic+HArstG+pq6F+H7+/jB9a0Z7576n4Bh4k79/50L1cKMIhZC3MC0iGpl+1IA==",
      "requires": {
        "@vue/compiler-dom": "3.4.32",
        "@vue/compiler-sfc": "3.4.32",
        "@vue/runtime-dom": "3.4.32",
        "@vue/server-renderer": "3.4.32",
        "@vue/shared": "3.4.32"
      }
    }
  }
}
